// !$*UTF8*$!
{
	archiveVersion = 1;
	classes = {
	};
	objectVersion = 50;
	objects = {

/* Begin PBXBuildFile section */
		0058F5BB2797B14B00555357 /* BesteAydin.swift in Sources */ = {isa = PBXBuildFile; fileRef = 0058F5BA2797B14B00555357 /* BesteAydin.swift */; };
		0AF78C9027953AFE00EEB6BB /* AlisaWang.swift in Sources */ = {isa = PBXBuildFile; fileRef = 0AF78C8F27953AFE00EEB6BB /* AlisaWang.swift */; };
		271EAE242794B398004FA8C0 /* ContentView.swift in Sources */ = {isa = PBXBuildFile; fileRef = 271EAE232794B398004FA8C0 /* ContentView.swift */; };
		2733192C2798FCC300949406 /* Student.swift in Sources */ = {isa = PBXBuildFile; fileRef = 2733192B2798FCC300949406 /* Student.swift */; };
		2733192F2798FD3B00949406 /* StudentItem.swift in Sources */ = {isa = PBXBuildFile; fileRef = 2733192E2798FD3B00949406 /* StudentItem.swift */; };
		273319312798FE6800949406 /* SectionHeader.swift in Sources */ = {isa = PBXBuildFile; fileRef = 273319302798FE6800949406 /* SectionHeader.swift */; };
		273319332798FE9300949406 /* Team.swift in Sources */ = {isa = PBXBuildFile; fileRef = 273319322798FE9300949406 /* Team.swift */; };
		273319352798FEC500949406 /* StudentList.swift in Sources */ = {isa = PBXBuildFile; fileRef = 273319342798FEC500949406 /* StudentList.swift */; };
		273319372798FF7300949406 /* WelcomeView.swift in Sources */ = {isa = PBXBuildFile; fileRef = 273319362798FF7300949406 /* WelcomeView.swift */; };
		2733193B279910D100949406 /* Teacher.swift in Sources */ = {isa = PBXBuildFile; fileRef = 2733193A279910D100949406 /* Teacher.swift */; };
		2799C6872795A1F2006A7C7B /* HaydenHofmann.swift in Sources */ = {isa = PBXBuildFile; fileRef = 2799C6862795A1F2006A7C7B /* HaydenHofmann.swift */; };
		27C58ED827966C3300C930FE /* LauraSchutz.swift in Sources */ = {isa = PBXBuildFile; fileRef = 27C58ED727966C3300C930FE /* LauraSchutz.swift */; };
		27C8111027997FF800117D3A /* ProjectsView.swift in Sources */ = {isa = PBXBuildFile; fileRef = 27C8110F27997FF800117D3A /* ProjectsView.swift */; };
		27C81114279980BD00117D3A /* TeacherList.swift in Sources */ = {isa = PBXBuildFile; fileRef = 27C81113279980BD00117D3A /* TeacherList.swift */; };
		27C811162799813300117D3A /* TeacherItem.swift in Sources */ = {isa = PBXBuildFile; fileRef = 27C811152799813300117D3A /* TeacherItem.swift */; };
		27D4D4E32794CEBE003243B2 /* GauravLuthria.swift in Sources */ = {isa = PBXBuildFile; fileRef = 27D4D4E22794CEBE003243B2 /* GauravLuthria.swift */; };
		27F29A742794D06B00CB8AD1 /* TracyCai.swift in Sources */ = {isa = PBXBuildFile; fileRef = 27F29A732794D06B00CB8AD1 /* TracyCai.swift */; };
		27FF2A6D279679AC0037B17F /* TaylorLallas.swift in Sources */ = {isa = PBXBuildFile; fileRef = 27FF2A6C279679AC0037B17F /* TaylorLallas.swift */; };
		33A487CB27969F6800019A82 /* BillZhu.swift in Sources */ = {isa = PBXBuildFile; fileRef = 33A487CA27969F6800019A82 /* BillZhu.swift */; };
		5822597627969AF500A2B7A4 /* YoonjuKim.swift in Sources */ = {isa = PBXBuildFile; fileRef = 5822597527969AF500A2B7A4 /* YoonjuKim.swift */; };
		8E55A38B2795F17E001D4007 /* RonitJain.swift in Sources */ = {isa = PBXBuildFile; fileRef = 8E55A38A2795F17E001D4007 /* RonitJain.swift */; };
		8EF8F74125965AD1000850BF /* Assignment_OneApp.swift in Sources */ = {isa = PBXBuildFile; fileRef = 8EF8F74025965AD1000850BF /* Assignment_OneApp.swift */; };
		8EF8F74325965AD1000850BF /* MeganWorrel.swift in Sources */ = {isa = PBXBuildFile; fileRef = 8EF8F74225965AD1000850BF /* MeganWorrel.swift */; };
		8EF8F74525965AD4000850BF /* Assets.xcassets in Resources */ = {isa = PBXBuildFile; fileRef = 8EF8F74425965AD4000850BF /* Assets.xcassets */; };
		8EF8F75325965AD4000850BF /* Assignment_OneTests.swift in Sources */ = {isa = PBXBuildFile; fileRef = 8EF8F75225965AD4000850BF /* Assignment_OneTests.swift */; };
		8EF8F75E25965AD4000850BF /* Assignment_OneUITests.swift in Sources */ = {isa = PBXBuildFile; fileRef = 8EF8F75D25965AD4000850BF /* Assignment_OneUITests.swift */; };
		9502D7EB278E8DAC00A131D8 /* CircleImage.swift in Sources */ = {isa = PBXBuildFile; fileRef = 9502D7EA278E8DAC00A131D8 /* CircleImage.swift */; };
		9502D7ED278EAEB900A131D8 /* LongFormText.swift in Sources */ = {isa = PBXBuildFile; fileRef = 9502D7EC278EAEB900A131D8 /* LongFormText.swift */; };
		9584D0872790DA46002E7E1F /* HighlightReel.swift in Sources */ = {isa = PBXBuildFile; fileRef = 9584D0862790DA46002E7E1F /* HighlightReel.swift */; };
		9584D08B2791523D002E7E1F /* ContactMeView.swift in Sources */ = {isa = PBXBuildFile; fileRef = 9584D08A2791523D002E7E1F /* ContactMeView.swift */; };
		9AA7F441279623DE000DF786 /* SavithaSrinivasan.swift in Sources */ = {isa = PBXBuildFile; fileRef = 9AA7F440279623DE000DF786 /* SavithaSrinivasan.swift */; };
		A550ADD2278FE8CD00CBB756 /* PersonalImage.swift in Sources */ = {isa = PBXBuildFile; fileRef = A550ADD1278FE8CD00CBB756 /* PersonalImage.swift */; };
		A88F0EEE2798C06700F013DB /* LinaFang.swift in Sources */ = {isa = PBXBuildFile; fileRef = A88F0EED2798C06700F013DB /* LinaFang.swift */; };
		A88F0EF42798C91900F013DB /* LavenderChen.swift in Sources */ = {isa = PBXBuildFile; fileRef = A88F0EF32798C91900F013DB /* LavenderChen.swift */; };
		A88F0EFB2798CC5D00F013DB /* SharonCheng.swift in Sources */ = {isa = PBXBuildFile; fileRef = A88F0EFA2798CC5D00F013DB /* SharonCheng.swift */; };
		A88F0F112798DB1A00F013DB /* Bereket.swift in Sources */ = {isa = PBXBuildFile; fileRef = A88F0F102798DB1A00F013DB /* Bereket.swift */; };
		A88F0F142798DB3100F013DB /* AnkushDhawan.swift in Sources */ = {isa = PBXBuildFile; fileRef = A88F0F132798DB3100F013DB /* AnkushDhawan.swift */; };
		A88F0F172798DB4200F013DB /* RaghavSamavedam.swift in Sources */ = {isa = PBXBuildFile; fileRef = A88F0F162798DB4200F013DB /* RaghavSamavedam.swift */; };
		A88F0F1F2798DF9B00F013DB /* VarunAgarwal.swift in Sources */ = {isa = PBXBuildFile; fileRef = A88F0F1E2798DF9B00F013DB /* VarunAgarwal.swift */; };
		AEE2BE8C279693D800A64266 /* TerresaEun.swift in Sources */ = {isa = PBXBuildFile; fileRef = AEE2BE8B279693D800A64266 /* TerresaEun.swift */; };
		C36B3EF827969AED0010EB3F /* EvieChen.swift in Sources */ = {isa = PBXBuildFile; fileRef = C36B3EF727969AED0010EB3F /* EvieChen.swift */; };
		DF58053B278CBCA200F7F57E /* Profile.swift in Sources */ = {isa = PBXBuildFile; fileRef = DF58053A278CBCA200F7F57E /* Profile.swift */; };
/* End PBXBuildFile section */

/* Begin PBXContainerItemProxy section */
		8EF8F74F25965AD4000850BF /* PBXContainerItemProxy */ = {
			isa = PBXContainerItemProxy;
			containerPortal = 8EF8F73525965AD1000850BF /* Project object */;
			proxyType = 1;
			remoteGlobalIDString = 8EF8F73C25965AD1000850BF;
			remoteInfo = "Assignment One";
		};
		8EF8F75A25965AD4000850BF /* PBXContainerItemProxy */ = {
			isa = PBXContainerItemProxy;
			containerPortal = 8EF8F73525965AD1000850BF /* Project object */;
			proxyType = 1;
			remoteGlobalIDString = 8EF8F73C25965AD1000850BF;
			remoteInfo = "Assignment One";
		};
/* End PBXContainerItemProxy section */

/* Begin PBXFileReference section */
		0058F5BA2797B14B00555357 /* BesteAydin.swift */ = {isa = PBXFileReference; lastKnownFileType = sourcecode.swift; path = BesteAydin.swift; sourceTree = "<group>"; };
		0AF78C8F27953AFE00EEB6BB /* AlisaWang.swift */ = {isa = PBXFileReference; lastKnownFileType = sourcecode.swift; path = AlisaWang.swift; sourceTree = "<group>"; };
		271EAE232794B398004FA8C0 /* ContentView.swift */ = {isa = PBXFileReference; lastKnownFileType = sourcecode.swift; path = ContentView.swift; sourceTree = "<group>"; };
		2733192B2798FCC300949406 /* Student.swift */ = {isa = PBXFileReference; lastKnownFileType = sourcecode.swift; path = Student.swift; sourceTree = "<group>"; };
		2733192E2798FD3B00949406 /* StudentItem.swift */ = {isa = PBXFileReference; lastKnownFileType = sourcecode.swift; path = StudentItem.swift; sourceTree = "<group>"; };
		273319302798FE6800949406 /* SectionHeader.swift */ = {isa = PBXFileReference; lastKnownFileType = sourcecode.swift; path = SectionHeader.swift; sourceTree = "<group>"; };
		273319322798FE9300949406 /* Team.swift */ = {isa = PBXFileReference; lastKnownFileType = sourcecode.swift; path = Team.swift; sourceTree = "<group>"; };
		273319342798FEC500949406 /* StudentList.swift */ = {isa = PBXFileReference; lastKnownFileType = sourcecode.swift; path = StudentList.swift; sourceTree = "<group>"; };
		273319362798FF7300949406 /* WelcomeView.swift */ = {isa = PBXFileReference; lastKnownFileType = sourcecode.swift; path = WelcomeView.swift; sourceTree = "<group>"; };
		2733193A279910D100949406 /* Teacher.swift */ = {isa = PBXFileReference; lastKnownFileType = sourcecode.swift; path = Teacher.swift; sourceTree = "<group>"; };
		2799C6862795A1F2006A7C7B /* HaydenHofmann.swift */ = {isa = PBXFileReference; lastKnownFileType = sourcecode.swift; path = HaydenHofmann.swift; sourceTree = "<group>"; };
		27C58ED727966C3300C930FE /* LauraSchutz.swift */ = {isa = PBXFileReference; lastKnownFileType = sourcecode.swift; path = LauraSchutz.swift; sourceTree = "<group>"; };
		27C8110F27997FF800117D3A /* ProjectsView.swift */ = {isa = PBXFileReference; lastKnownFileType = sourcecode.swift; path = ProjectsView.swift; sourceTree = "<group>"; };
		27C81113279980BD00117D3A /* TeacherList.swift */ = {isa = PBXFileReference; lastKnownFileType = sourcecode.swift; path = TeacherList.swift; sourceTree = "<group>"; };
		27C811152799813300117D3A /* TeacherItem.swift */ = {isa = PBXFileReference; lastKnownFileType = sourcecode.swift; path = TeacherItem.swift; sourceTree = "<group>"; };
		27D4D4E22794CEBE003243B2 /* GauravLuthria.swift */ = {isa = PBXFileReference; fileEncoding = 4; lastKnownFileType = sourcecode.swift; path = GauravLuthria.swift; sourceTree = "<group>"; };
		27F29A732794D06B00CB8AD1 /* TracyCai.swift */ = {isa = PBXFileReference; lastKnownFileType = sourcecode.swift; path = TracyCai.swift; sourceTree = "<group>"; };
		27FF2A6C279679AC0037B17F /* TaylorLallas.swift */ = {isa = PBXFileReference; lastKnownFileType = sourcecode.swift; path = TaylorLallas.swift; sourceTree = "<group>"; };
		33A487CA27969F6800019A82 /* BillZhu.swift */ = {isa = PBXFileReference; lastKnownFileType = sourcecode.swift; path = BillZhu.swift; sourceTree = "<group>"; };
		5822597527969AF500A2B7A4 /* YoonjuKim.swift */ = {isa = PBXFileReference; lastKnownFileType = sourcecode.swift; path = YoonjuKim.swift; sourceTree = "<group>"; };
		8E55A38A2795F17E001D4007 /* RonitJain.swift */ = {isa = PBXFileReference; lastKnownFileType = sourcecode.swift; path = RonitJain.swift; sourceTree = "<group>"; };
		8EF8F73D25965AD1000850BF /* Assignment One.app */ = {isa = PBXFileReference; explicitFileType = wrapper.application; includeInIndex = 0; path = "Assignment One.app"; sourceTree = BUILT_PRODUCTS_DIR; };
		8EF8F74025965AD1000850BF /* Assignment_OneApp.swift */ = {isa = PBXFileReference; lastKnownFileType = sourcecode.swift; path = Assignment_OneApp.swift; sourceTree = "<group>"; };
		8EF8F74225965AD1000850BF /* MeganWorrel.swift */ = {isa = PBXFileReference; lastKnownFileType = sourcecode.swift; path = MeganWorrel.swift; sourceTree = "<group>"; };
		8EF8F74425965AD4000850BF /* Assets.xcassets */ = {isa = PBXFileReference; lastKnownFileType = folder.assetcatalog; path = Assets.xcassets; sourceTree = "<group>"; };
		8EF8F74E25965AD4000850BF /* Assignment OneTests.xctest */ = {isa = PBXFileReference; explicitFileType = wrapper.cfbundle; includeInIndex = 0; path = "Assignment OneTests.xctest"; sourceTree = BUILT_PRODUCTS_DIR; };
		8EF8F75225965AD4000850BF /* Assignment_OneTests.swift */ = {isa = PBXFileReference; lastKnownFileType = sourcecode.swift; path = Assignment_OneTests.swift; sourceTree = "<group>"; };
		8EF8F75925965AD4000850BF /* Assignment OneUITests.xctest */ = {isa = PBXFileReference; explicitFileType = wrapper.cfbundle; includeInIndex = 0; path = "Assignment OneUITests.xctest"; sourceTree = BUILT_PRODUCTS_DIR; };
		8EF8F75D25965AD4000850BF /* Assignment_OneUITests.swift */ = {isa = PBXFileReference; lastKnownFileType = sourcecode.swift; path = Assignment_OneUITests.swift; sourceTree = "<group>"; };
		8EF8F75F25965AD4000850BF /* Info.plist */ = {isa = PBXFileReference; lastKnownFileType = text.plist.xml; path = Info.plist; sourceTree = "<group>"; };
		9502D7EA278E8DAC00A131D8 /* CircleImage.swift */ = {isa = PBXFileReference; lastKnownFileType = sourcecode.swift; path = CircleImage.swift; sourceTree = "<group>"; };
		9502D7EC278EAEB900A131D8 /* LongFormText.swift */ = {isa = PBXFileReference; lastKnownFileType = sourcecode.swift; path = LongFormText.swift; sourceTree = "<group>"; };
		9584D0862790DA46002E7E1F /* HighlightReel.swift */ = {isa = PBXFileReference; lastKnownFileType = sourcecode.swift; path = HighlightReel.swift; sourceTree = "<group>"; };
		9584D08A2791523D002E7E1F /* ContactMeView.swift */ = {isa = PBXFileReference; lastKnownFileType = sourcecode.swift; path = ContactMeView.swift; sourceTree = "<group>"; };
		9AA7F440279623DE000DF786 /* SavithaSrinivasan.swift */ = {isa = PBXFileReference; lastKnownFileType = sourcecode.swift; path = SavithaSrinivasan.swift; sourceTree = "<group>"; };
		A550ADD1278FE8CD00CBB756 /* PersonalImage.swift */ = {isa = PBXFileReference; lastKnownFileType = sourcecode.swift; path = PersonalImage.swift; sourceTree = "<group>"; };
		A88F0EED2798C06700F013DB /* LinaFang.swift */ = {isa = PBXFileReference; lastKnownFileType = sourcecode.swift; path = LinaFang.swift; sourceTree = "<group>"; };
		A88F0EF32798C91900F013DB /* LavenderChen.swift */ = {isa = PBXFileReference; lastKnownFileType = sourcecode.swift; path = LavenderChen.swift; sourceTree = "<group>"; };
		A88F0EFA2798CC5D00F013DB /* SharonCheng.swift */ = {isa = PBXFileReference; fileEncoding = 4; lastKnownFileType = sourcecode.swift; path = SharonCheng.swift; sourceTree = "<group>"; };
		A88F0F102798DB1A00F013DB /* Bereket.swift */ = {isa = PBXFileReference; fileEncoding = 4; lastKnownFileType = sourcecode.swift; path = Bereket.swift; sourceTree = "<group>"; };
		A88F0F132798DB3100F013DB /* AnkushDhawan.swift */ = {isa = PBXFileReference; fileEncoding = 4; lastKnownFileType = sourcecode.swift; path = AnkushDhawan.swift; sourceTree = "<group>"; };
		A88F0F162798DB4200F013DB /* RaghavSamavedam.swift */ = {isa = PBXFileReference; fileEncoding = 4; lastKnownFileType = sourcecode.swift; path = RaghavSamavedam.swift; sourceTree = "<group>"; };
		A88F0F1E2798DF9B00F013DB /* VarunAgarwal.swift */ = {isa = PBXFileReference; fileEncoding = 4; lastKnownFileType = sourcecode.swift; path = VarunAgarwal.swift; sourceTree = "<group>"; };
		AEE2BE8B279693D800A64266 /* TerresaEun.swift */ = {isa = PBXFileReference; lastKnownFileType = sourcecode.swift; path = TerresaEun.swift; sourceTree = "<group>"; };
		C36B3EF727969AED0010EB3F /* EvieChen.swift */ = {isa = PBXFileReference; lastKnownFileType = sourcecode.swift; path = EvieChen.swift; sourceTree = "<group>"; };
		DF58053A278CBCA200F7F57E /* Profile.swift */ = {isa = PBXFileReference; lastKnownFileType = sourcecode.swift; path = Profile.swift; sourceTree = "<group>"; };
/* End PBXFileReference section */

/* Begin PBXFrameworksBuildPhase section */
		8EF8F73A25965AD1000850BF /* Frameworks */ = {
			isa = PBXFrameworksBuildPhase;
			buildActionMask = 2147483647;
			files = (
			);
			runOnlyForDeploymentPostprocessing = 0;
		};
		8EF8F74B25965AD4000850BF /* Frameworks */ = {
			isa = PBXFrameworksBuildPhase;
			buildActionMask = 2147483647;
			files = (
			);
			runOnlyForDeploymentPostprocessing = 0;
		};
		8EF8F75625965AD4000850BF /* Frameworks */ = {
			isa = PBXFrameworksBuildPhase;
			buildActionMask = 2147483647;
			files = (
			);
			runOnlyForDeploymentPostprocessing = 0;
		};
/* End PBXFrameworksBuildPhase section */

/* Begin PBXGroup section */
		0A1B59A627953A060082CF60 /* AlisaWang */ = {
			isa = PBXGroup;
			children = (
				0AF78C8F27953AFE00EEB6BB /* AlisaWang.swift */,
			);
			path = AlisaWang;
			sourceTree = "<group>";
		};
		271EAE202794B35A004FA8C0 /* MeganWorrel */ = {
			isa = PBXGroup;
			children = (
				8EF8F74225965AD1000850BF /* MeganWorrel.swift */,
				A550ADD1278FE8CD00CBB756 /* PersonalImage.swift */,
			);
			path = MeganWorrel;
			sourceTree = "<group>";
		};
		272D95CA2795A4AA00522CFD /* TracyCai */ = {
			isa = PBXGroup;
			children = (
				27F29A732794D06B00CB8AD1 /* TracyCai.swift */,
			);
			path = TracyCai;
			sourceTree = "<group>";
		};
		273319292798FC9800949406 /* Submissions */ = {
			isa = PBXGroup;
			children = (
				A88F0F1D2798DF9B00F013DB /* VarunAgarwal */,
				A88F0F1C2798DE8400F013DB /* BesteAydin */,
				A88F0F1B2798DCE500F013DB /* TerresaEun */,
				A88F0F1A2798DB6900F013DB /* YoonjuKim */,
				A88F0F152798DB4200F013DB /* RaghavSamavedam */,
				A88F0F122798DB3100F013DB /* AnkushDhawan */,
				A88F0F0F2798DB1A00F013DB /* BereketGebregziabher */,
				A88F0EFC2798D07700F013DB /* EvieChen */,
				A88F0EF92798CC5D00F013DB /* SharonCheng */,
				A88F0EF22798C90800F013DB /* LavenderChen */,
				A88F0EEC2798C04200F013DB /* LinaFang */,
				33A487C927969F5C00019A82 /* BillZhu */,
				27FF2A6E27967A700037B17F /* TaylorLallas */,
				27C58ED927966D6700C930FE /* LauraSchutz */,
				27E2D07B279656BE00B39639 /* RonitJain */,
				0A1B59A627953A060082CF60 /* AlisaWang */,
				272D95CA2795A4AA00522CFD /* TracyCai */,
				2799C6882795A254006A7C7B /* HaydenHofmann */,
				27D4D4E12794CEBE003243B2 /* GauravLuthria */,
				271EAE202794B35A004FA8C0 /* MeganWorrel */,
				9AA7F442279623F8000DF786 /* SavithaSrinivasan */,
			);
			path = Submissions;
			sourceTree = "<group>";
		};
		2733192A2798FCA800949406 /* Model */ = {
			isa = PBXGroup;
			children = (
				2733192B2798FCC300949406 /* Student.swift */,
				273319322798FE9300949406 /* Team.swift */,
				2733193A279910D100949406 /* Teacher.swift */,
			);
			path = Model;
			sourceTree = "<group>";
		};
		2733192D2798FD2100949406 /* Views */ = {
			isa = PBXGroup;
			children = (
				273319362798FF7300949406 /* WelcomeView.swift */,
				27C8110F27997FF800117D3A /* ProjectsView.swift */,
				273319342798FEC500949406 /* StudentList.swift */,
				27C81113279980BD00117D3A /* TeacherList.swift */,
				273319302798FE6800949406 /* SectionHeader.swift */,
				27C811152799813300117D3A /* TeacherItem.swift */,
				2733192E2798FD3B00949406 /* StudentItem.swift */,
			);
			path = Views;
			sourceTree = "<group>";
		};
		2799C6882795A254006A7C7B /* HaydenHofmann */ = {
			isa = PBXGroup;
			children = (
				2799C6862795A1F2006A7C7B /* HaydenHofmann.swift */,
				DF58053A278CBCA200F7F57E /* Profile.swift */,
			);
			path = HaydenHofmann;
			sourceTree = "<group>";
		};
		27C58ED927966D6700C930FE /* LauraSchutz */ = {
			isa = PBXGroup;
			children = (
				27C58ED727966C3300C930FE /* LauraSchutz.swift */,
			);
			path = LauraSchutz;
			sourceTree = "<group>";
		};
		27D4D4E12794CEBE003243B2 /* GauravLuthria */ = {
			isa = PBXGroup;
			children = (
				27D4D4E22794CEBE003243B2 /* GauravLuthria.swift */,
			);
			path = GauravLuthria;
			sourceTree = "<group>";
		};
		27E2D07B279656BE00B39639 /* RonitJain */ = {
			isa = PBXGroup;
			children = (
				8E55A38A2795F17E001D4007 /* RonitJain.swift */,
			);
			path = RonitJain;
			sourceTree = "<group>";
		};
		27FF2A6E27967A700037B17F /* TaylorLallas */ = {
			isa = PBXGroup;
			children = (
				9584D0862790DA46002E7E1F /* HighlightReel.swift */,
				9584D08A2791523D002E7E1F /* ContactMeView.swift */,
				9502D7EA278E8DAC00A131D8 /* CircleImage.swift */,
				9502D7EC278EAEB900A131D8 /* LongFormText.swift */,
				27FF2A6C279679AC0037B17F /* TaylorLallas.swift */,
			);
			path = TaylorLallas;
			sourceTree = "<group>";
		};
		33A487C927969F5C00019A82 /* BillZhu */ = {
			isa = PBXGroup;
			children = (
				33A487CA27969F6800019A82 /* BillZhu.swift */,
			);
			path = BillZhu;
			sourceTree = "<group>";
		};
		8EF8F73425965AD1000850BF = {
			isa = PBXGroup;
			children = (
				8EF8F73F25965AD1000850BF /* Assignment One */,
				8EF8F75125965AD4000850BF /* Assignment OneTests */,
				8EF8F75C25965AD4000850BF /* Assignment OneUITests */,
				8EF8F73E25965AD1000850BF /* Products */,
			);
			sourceTree = "<group>";
		};
		8EF8F73E25965AD1000850BF /* Products */ = {
			isa = PBXGroup;
			children = (
				8EF8F73D25965AD1000850BF /* Assignment One.app */,
				8EF8F74E25965AD4000850BF /* Assignment OneTests.xctest */,
				8EF8F75925965AD4000850BF /* Assignment OneUITests.xctest */,
			);
			name = Products;
			sourceTree = "<group>";
		};
		8EF8F73F25965AD1000850BF /* Assignment One */ = {
			isa = PBXGroup;
			children = (
				2733192D2798FD2100949406 /* Views */,
				2733192A2798FCA800949406 /* Model */,
				273319292798FC9800949406 /* Submissions */,
				8EF8F74025965AD1000850BF /* Assignment_OneApp.swift */,
				271EAE232794B398004FA8C0 /* ContentView.swift */,
				8EF8F74425965AD4000850BF /* Assets.xcassets */,
			);
			path = "Assignment One";
			sourceTree = "<group>";
		};
		8EF8F75125965AD4000850BF /* Assignment OneTests */ = {
			isa = PBXGroup;
			children = (
				8EF8F75225965AD4000850BF /* Assignment_OneTests.swift */,
			);
			path = "Assignment OneTests";
			sourceTree = "<group>";
		};
		8EF8F75C25965AD4000850BF /* Assignment OneUITests */ = {
			isa = PBXGroup;
			children = (
				8EF8F75D25965AD4000850BF /* Assignment_OneUITests.swift */,
				8EF8F75F25965AD4000850BF /* Info.plist */,
			);
			path = "Assignment OneUITests";
			sourceTree = "<group>";
		};
		9AA7F442279623F8000DF786 /* SavithaSrinivasan */ = {
			isa = PBXGroup;
			children = (
				9AA7F440279623DE000DF786 /* SavithaSrinivasan.swift */,
			);
			path = SavithaSrinivasan;
			sourceTree = "<group>";
		};
		A88F0EEC2798C04200F013DB /* LinaFang */ = {
			isa = PBXGroup;
			children = (
				A88F0EED2798C06700F013DB /* LinaFang.swift */,
			);
			path = LinaFang;
			sourceTree = "<group>";
		};
		A88F0EF22798C90800F013DB /* LavenderChen */ = {
			isa = PBXGroup;
			children = (
				A88F0EF32798C91900F013DB /* LavenderChen.swift */,
			);
			path = LavenderChen;
			sourceTree = "<group>";
		};
		A88F0EF92798CC5D00F013DB /* SharonCheng */ = {
			isa = PBXGroup;
			children = (
				A88F0EFA2798CC5D00F013DB /* SharonCheng.swift */,
			);
			path = SharonCheng;
			sourceTree = "<group>";
		};
		A88F0EFC2798D07700F013DB /* EvieChen */ = {
			isa = PBXGroup;
			children = (
				C36B3EF727969AED0010EB3F /* EvieChen.swift */,
			);
			path = EvieChen;
			sourceTree = "<group>";
		};
		A88F0F0F2798DB1A00F013DB /* BereketGebregziabher */ = {
			isa = PBXGroup;
			children = (
				A88F0F102798DB1A00F013DB /* Bereket.swift */,
			);
			path = BereketGebregziabher;
			sourceTree = "<group>";
		};
		A88F0F122798DB3100F013DB /* AnkushDhawan */ = {
			isa = PBXGroup;
			children = (
				A88F0F132798DB3100F013DB /* AnkushDhawan.swift */,
			);
			path = AnkushDhawan;
			sourceTree = "<group>";
		};
		A88F0F152798DB4200F013DB /* RaghavSamavedam */ = {
			isa = PBXGroup;
			children = (
				A88F0F162798DB4200F013DB /* RaghavSamavedam.swift */,
			);
			path = RaghavSamavedam;
			sourceTree = "<group>";
		};
		A88F0F1A2798DB6900F013DB /* YoonjuKim */ = {
			isa = PBXGroup;
			children = (
				5822597527969AF500A2B7A4 /* YoonjuKim.swift */,
			);
			path = YoonjuKim;
			sourceTree = "<group>";
		};
		A88F0F1B2798DCE500F013DB /* TerresaEun */ = {
			isa = PBXGroup;
			children = (
				AEE2BE8B279693D800A64266 /* TerresaEun.swift */,
			);
			path = TerresaEun;
			sourceTree = "<group>";
		};
		A88F0F1C2798DE8400F013DB /* BesteAydin */ = {
			isa = PBXGroup;
			children = (
				0058F5BA2797B14B00555357 /* BesteAydin.swift */,
			);
			path = BesteAydin;
			sourceTree = "<group>";
		};
		A88F0F1D2798DF9B00F013DB /* VarunAgarwal */ = {
			isa = PBXGroup;
			children = (
				A88F0F1E2798DF9B00F013DB /* VarunAgarwal.swift */,
			);
			path = VarunAgarwal;
			sourceTree = "<group>";
		};
/* End PBXGroup section */

/* Begin PBXNativeTarget section */
		8EF8F73C25965AD1000850BF /* Assignment One */ = {
			isa = PBXNativeTarget;
			buildConfigurationList = 8EF8F76225965AD4000850BF /* Build configuration list for PBXNativeTarget "Assignment One" */;
			buildPhases = (
				8EF8F73925965AD1000850BF /* Sources */,
				8EF8F73A25965AD1000850BF /* Frameworks */,
				8EF8F73B25965AD1000850BF /* Resources */,
			);
			buildRules = (
			);
			dependencies = (
			);
			name = "Assignment One";
			productName = "Assignment One";
			productReference = 8EF8F73D25965AD1000850BF /* Assignment One.app */;
			productType = "com.apple.product-type.application";
		};
		8EF8F74D25965AD4000850BF /* Assignment OneTests */ = {
			isa = PBXNativeTarget;
			buildConfigurationList = 8EF8F76525965AD4000850BF /* Build configuration list for PBXNativeTarget "Assignment OneTests" */;
			buildPhases = (
				8EF8F74A25965AD4000850BF /* Sources */,
				8EF8F74B25965AD4000850BF /* Frameworks */,
				8EF8F74C25965AD4000850BF /* Resources */,
			);
			buildRules = (
			);
			dependencies = (
				8EF8F75025965AD4000850BF /* PBXTargetDependency */,
			);
			name = "Assignment OneTests";
			productName = "Assignment OneTests";
			productReference = 8EF8F74E25965AD4000850BF /* Assignment OneTests.xctest */;
			productType = "com.apple.product-type.bundle.unit-test";
		};
		8EF8F75825965AD4000850BF /* Assignment OneUITests */ = {
			isa = PBXNativeTarget;
			buildConfigurationList = 8EF8F76825965AD4000850BF /* Build configuration list for PBXNativeTarget "Assignment OneUITests" */;
			buildPhases = (
				8EF8F75525965AD4000850BF /* Sources */,
				8EF8F75625965AD4000850BF /* Frameworks */,
				8EF8F75725965AD4000850BF /* Resources */,
			);
			buildRules = (
			);
			dependencies = (
				8EF8F75B25965AD4000850BF /* PBXTargetDependency */,
			);
			name = "Assignment OneUITests";
			productName = "Assignment OneUITests";
			productReference = 8EF8F75925965AD4000850BF /* Assignment OneUITests.xctest */;
			productType = "com.apple.product-type.bundle.ui-testing";
		};
/* End PBXNativeTarget section */

/* Begin PBXProject section */
		8EF8F73525965AD1000850BF /* Project object */ = {
			isa = PBXProject;
			attributes = {
				LastSwiftUpdateCheck = 1230;
				LastUpgradeCheck = 1230;
				TargetAttributes = {
					8EF8F73C25965AD1000850BF = {
						CreatedOnToolsVersion = 12.3;
					};
					8EF8F74D25965AD4000850BF = {
						CreatedOnToolsVersion = 12.3;
						TestTargetID = 8EF8F73C25965AD1000850BF;
					};
					8EF8F75825965AD4000850BF = {
						CreatedOnToolsVersion = 12.3;
						TestTargetID = 8EF8F73C25965AD1000850BF;
					};
				};
			};
			buildConfigurationList = 8EF8F73825965AD1000850BF /* Build configuration list for PBXProject "Assignment One" */;
			compatibilityVersion = "Xcode 9.3";
			developmentRegion = en;
			hasScannedForEncodings = 0;
			knownRegions = (
				en,
				Base,
			);
			mainGroup = 8EF8F73425965AD1000850BF;
			productRefGroup = 8EF8F73E25965AD1000850BF /* Products */;
			projectDirPath = "";
			projectRoot = "";
			targets = (
				8EF8F73C25965AD1000850BF /* Assignment One */,
				8EF8F74D25965AD4000850BF /* Assignment OneTests */,
				8EF8F75825965AD4000850BF /* Assignment OneUITests */,
			);
		};
/* End PBXProject section */

/* Begin PBXResourcesBuildPhase section */
		8EF8F73B25965AD1000850BF /* Resources */ = {
			isa = PBXResourcesBuildPhase;
			buildActionMask = 2147483647;
			files = (
				8EF8F74525965AD4000850BF /* Assets.xcassets in Resources */,
			);
			runOnlyForDeploymentPostprocessing = 0;
		};
		8EF8F74C25965AD4000850BF /* Resources */ = {
			isa = PBXResourcesBuildPhase;
			buildActionMask = 2147483647;
			files = (
			);
			runOnlyForDeploymentPostprocessing = 0;
		};
		8EF8F75725965AD4000850BF /* Resources */ = {
			isa = PBXResourcesBuildPhase;
			buildActionMask = 2147483647;
			files = (
			);
			runOnlyForDeploymentPostprocessing = 0;
		};
/* End PBXResourcesBuildPhase section */

/* Begin PBXSourcesBuildPhase section */
		8EF8F73925965AD1000850BF /* Sources */ = {
			isa = PBXSourcesBuildPhase;
			buildActionMask = 2147483647;
			files = (
				C36B3EF827969AED0010EB3F /* EvieChen.swift in Sources */,
				27C81114279980BD00117D3A /* TeacherList.swift in Sources */,
				27FF2A6D279679AC0037B17F /* TaylorLallas.swift in Sources */,
				27C8111027997FF800117D3A /* ProjectsView.swift in Sources */,
				8EF8F74125965AD1000850BF /* Assignment_OneApp.swift in Sources */,
				9502D7ED278EAEB900A131D8 /* LongFormText.swift in Sources */,
				0058F5BB2797B14B00555357 /* BesteAydin.swift in Sources */,
				27C811162799813300117D3A /* TeacherItem.swift in Sources */,
				5822597627969AF500A2B7A4 /* YoonjuKim.swift in Sources */,
				2733193B279910D100949406 /* Teacher.swift in Sources */,
				A88F0EFB2798CC5D00F013DB /* SharonCheng.swift in Sources */,
				9502D7EB278E8DAC00A131D8 /* CircleImage.swift in Sources */,
				273319372798FF7300949406 /* WelcomeView.swift in Sources */,
				A88F0EF42798C91900F013DB /* LavenderChen.swift in Sources */,
				9584D0872790DA46002E7E1F /* HighlightReel.swift in Sources */,
				9584D08B2791523D002E7E1F /* ContactMeView.swift in Sources */,
				2733192C2798FCC300949406 /* Student.swift in Sources */,
				273319312798FE6800949406 /* SectionHeader.swift in Sources */,
				A88F0F142798DB3100F013DB /* AnkushDhawan.swift in Sources */,
				27C58ED827966C3300C930FE /* LauraSchutz.swift in Sources */,
				DF58053B278CBCA200F7F57E /* Profile.swift in Sources */,
				2733192F2798FD3B00949406 /* StudentItem.swift in Sources */,
				2799C6872795A1F2006A7C7B /* HaydenHofmann.swift in Sources */,
				27F29A742794D06B00CB8AD1 /* TracyCai.swift in Sources */,
				A88F0F1F2798DF9B00F013DB /* VarunAgarwal.swift in Sources */,
				33A487CB27969F6800019A82 /* BillZhu.swift in Sources */,
				27D4D4E32794CEBE003243B2 /* GauravLuthria.swift in Sources */,
				8E55A38B2795F17E001D4007 /* RonitJain.swift in Sources */,
				273319332798FE9300949406 /* Team.swift in Sources */,
				8EF8F74325965AD1000850BF /* MeganWorrel.swift in Sources */,
				A88F0F172798DB4200F013DB /* RaghavSamavedam.swift in Sources */,
				273319352798FEC500949406 /* StudentList.swift in Sources */,
				AEE2BE8C279693D800A64266 /* TerresaEun.swift in Sources */,
				8EF8F74125965AD1000850BF /* Assignment_OneApp.swift in Sources */,
				271EAE242794B398004FA8C0 /* ContentView.swift in Sources */,
				9AA7F441279623DE000DF786 /* SavithaSrinivasan.swift in Sources */,
				A88F0EEE2798C06700F013DB /* LinaFang.swift in Sources */,
				A550ADD2278FE8CD00CBB756 /* PersonalImage.swift in Sources */,
				A88F0F112798DB1A00F013DB /* Bereket.swift in Sources */,
				0AF78C9027953AFE00EEB6BB /* AlisaWang.swift in Sources */,
			);
			runOnlyForDeploymentPostprocessing = 0;
		};
		8EF8F74A25965AD4000850BF /* Sources */ = {
			isa = PBXSourcesBuildPhase;
			buildActionMask = 2147483647;
			files = (
				8EF8F75325965AD4000850BF /* Assignment_OneTests.swift in Sources */,
			);
			runOnlyForDeploymentPostprocessing = 0;
		};
		8EF8F75525965AD4000850BF /* Sources */ = {
			isa = PBXSourcesBuildPhase;
			buildActionMask = 2147483647;
			files = (
				8EF8F75E25965AD4000850BF /* Assignment_OneUITests.swift in Sources */,
			);
			runOnlyForDeploymentPostprocessing = 0;
		};
/* End PBXSourcesBuildPhase section */

/* Begin PBXTargetDependency section */
		8EF8F75025965AD4000850BF /* PBXTargetDependency */ = {
			isa = PBXTargetDependency;
			target = 8EF8F73C25965AD1000850BF /* Assignment One */;
			targetProxy = 8EF8F74F25965AD4000850BF /* PBXContainerItemProxy */;
		};
		8EF8F75B25965AD4000850BF /* PBXTargetDependency */ = {
			isa = PBXTargetDependency;
			target = 8EF8F73C25965AD1000850BF /* Assignment One */;
			targetProxy = 8EF8F75A25965AD4000850BF /* PBXContainerItemProxy */;
		};
/* End PBXTargetDependency section */

/* Begin XCBuildConfiguration section */
		8EF8F76025965AD4000850BF /* Debug */ = {
			isa = XCBuildConfiguration;
			buildSettings = {
				ALWAYS_SEARCH_USER_PATHS = NO;
				CLANG_ANALYZER_NONNULL = YES;
				CLANG_ANALYZER_NUMBER_OBJECT_CONVERSION = YES_AGGRESSIVE;
				CLANG_CXX_LANGUAGE_STANDARD = "gnu++14";
				CLANG_CXX_LIBRARY = "libc++";
				CLANG_ENABLE_MODULES = YES;
				CLANG_ENABLE_OBJC_ARC = YES;
				CLANG_ENABLE_OBJC_WEAK = YES;
				CLANG_WARN_BLOCK_CAPTURE_AUTORELEASING = YES;
				CLANG_WARN_BOOL_CONVERSION = YES;
				CLANG_WARN_COMMA = YES;
				CLANG_WARN_CONSTANT_CONVERSION = YES;
				CLANG_WARN_DEPRECATED_OBJC_IMPLEMENTATIONS = YES;
				CLANG_WARN_DIRECT_OBJC_ISA_USAGE = YES_ERROR;
				CLANG_WARN_DOCUMENTATION_COMMENTS = YES;
				CLANG_WARN_EMPTY_BODY = YES;
				CLANG_WARN_ENUM_CONVERSION = YES;
				CLANG_WARN_INFINITE_RECURSION = YES;
				CLANG_WARN_INT_CONVERSION = YES;
				CLANG_WARN_NON_LITERAL_NULL_CONVERSION = YES;
				CLANG_WARN_OBJC_IMPLICIT_RETAIN_SELF = YES;
				CLANG_WARN_OBJC_LITERAL_CONVERSION = YES;
				CLANG_WARN_OBJC_ROOT_CLASS = YES_ERROR;
				CLANG_WARN_QUOTED_INCLUDE_IN_FRAMEWORK_HEADER = YES;
				CLANG_WARN_RANGE_LOOP_ANALYSIS = YES;
				CLANG_WARN_STRICT_PROTOTYPES = YES;
				CLANG_WARN_SUSPICIOUS_MOVE = YES;
				CLANG_WARN_UNGUARDED_AVAILABILITY = YES_AGGRESSIVE;
				CLANG_WARN_UNREACHABLE_CODE = YES;
				CLANG_WARN__DUPLICATE_METHOD_MATCH = YES;
				COPY_PHASE_STRIP = NO;
				DEBUG_INFORMATION_FORMAT = dwarf;
				ENABLE_STRICT_OBJC_MSGSEND = YES;
				ENABLE_TESTABILITY = YES;
				GCC_C_LANGUAGE_STANDARD = gnu11;
				GCC_DYNAMIC_NO_PIC = NO;
				GCC_NO_COMMON_BLOCKS = YES;
				GCC_OPTIMIZATION_LEVEL = 0;
				GCC_PREPROCESSOR_DEFINITIONS = (
					"DEBUG=1",
					"$(inherited)",
				);
				GCC_WARN_64_TO_32_BIT_CONVERSION = YES;
				GCC_WARN_ABOUT_RETURN_TYPE = YES_ERROR;
				GCC_WARN_UNDECLARED_SELECTOR = YES;
				GCC_WARN_UNINITIALIZED_AUTOS = YES_AGGRESSIVE;
				GCC_WARN_UNUSED_FUNCTION = YES;
				GCC_WARN_UNUSED_VARIABLE = YES;
				IPHONEOS_DEPLOYMENT_TARGET = 14.3;
				MTL_ENABLE_DEBUG_INFO = INCLUDE_SOURCE;
				MTL_FAST_MATH = YES;
				ONLY_ACTIVE_ARCH = YES;
				SDKROOT = iphoneos;
				SWIFT_ACTIVE_COMPILATION_CONDITIONS = DEBUG;
				SWIFT_OPTIMIZATION_LEVEL = "-Onone";
			};
			name = Debug;
		};
		8EF8F76125965AD4000850BF /* Release */ = {
			isa = XCBuildConfiguration;
			buildSettings = {
				ALWAYS_SEARCH_USER_PATHS = NO;
				CLANG_ANALYZER_NONNULL = YES;
				CLANG_ANALYZER_NUMBER_OBJECT_CONVERSION = YES_AGGRESSIVE;
				CLANG_CXX_LANGUAGE_STANDARD = "gnu++14";
				CLANG_CXX_LIBRARY = "libc++";
				CLANG_ENABLE_MODULES = YES;
				CLANG_ENABLE_OBJC_ARC = YES;
				CLANG_ENABLE_OBJC_WEAK = YES;
				CLANG_WARN_BLOCK_CAPTURE_AUTORELEASING = YES;
				CLANG_WARN_BOOL_CONVERSION = YES;
				CLANG_WARN_COMMA = YES;
				CLANG_WARN_CONSTANT_CONVERSION = YES;
				CLANG_WARN_DEPRECATED_OBJC_IMPLEMENTATIONS = YES;
				CLANG_WARN_DIRECT_OBJC_ISA_USAGE = YES_ERROR;
				CLANG_WARN_DOCUMENTATION_COMMENTS = YES;
				CLANG_WARN_EMPTY_BODY = YES;
				CLANG_WARN_ENUM_CONVERSION = YES;
				CLANG_WARN_INFINITE_RECURSION = YES;
				CLANG_WARN_INT_CONVERSION = YES;
				CLANG_WARN_NON_LITERAL_NULL_CONVERSION = YES;
				CLANG_WARN_OBJC_IMPLICIT_RETAIN_SELF = YES;
				CLANG_WARN_OBJC_LITERAL_CONVERSION = YES;
				CLANG_WARN_OBJC_ROOT_CLASS = YES_ERROR;
				CLANG_WARN_QUOTED_INCLUDE_IN_FRAMEWORK_HEADER = YES;
				CLANG_WARN_RANGE_LOOP_ANALYSIS = YES;
				CLANG_WARN_STRICT_PROTOTYPES = YES;
				CLANG_WARN_SUSPICIOUS_MOVE = YES;
				CLANG_WARN_UNGUARDED_AVAILABILITY = YES_AGGRESSIVE;
				CLANG_WARN_UNREACHABLE_CODE = YES;
				CLANG_WARN__DUPLICATE_METHOD_MATCH = YES;
				COPY_PHASE_STRIP = NO;
				DEBUG_INFORMATION_FORMAT = "dwarf-with-dsym";
				ENABLE_NS_ASSERTIONS = NO;
				ENABLE_STRICT_OBJC_MSGSEND = YES;
				GCC_C_LANGUAGE_STANDARD = gnu11;
				GCC_NO_COMMON_BLOCKS = YES;
				GCC_WARN_64_TO_32_BIT_CONVERSION = YES;
				GCC_WARN_ABOUT_RETURN_TYPE = YES_ERROR;
				GCC_WARN_UNDECLARED_SELECTOR = YES;
				GCC_WARN_UNINITIALIZED_AUTOS = YES_AGGRESSIVE;
				GCC_WARN_UNUSED_FUNCTION = YES;
				GCC_WARN_UNUSED_VARIABLE = YES;
				IPHONEOS_DEPLOYMENT_TARGET = 14.3;
				MTL_ENABLE_DEBUG_INFO = NO;
				MTL_FAST_MATH = YES;
				SDKROOT = iphoneos;
				SWIFT_COMPILATION_MODE = wholemodule;
				SWIFT_OPTIMIZATION_LEVEL = "-O";
				VALIDATE_PRODUCT = YES;
			};
			name = Release;
		};
		8EF8F76325965AD4000850BF /* Debug */ = {
			isa = XCBuildConfiguration;
			buildSettings = {
				ASSETCATALOG_COMPILER_APPICON_NAME = AppIcon;
				ASSETCATALOG_COMPILER_GLOBAL_ACCENT_COLOR_NAME = AccentColor;
				CODE_SIGN_STYLE = Automatic;
				DEVELOPMENT_ASSET_PATHS = "";
				DEVELOPMENT_TEAM = NS5248TK92;
				ENABLE_PREVIEWS = YES;
				INFOPLIST_FILE = "Assignment One/Info.plist";
				IPHONEOS_DEPLOYMENT_TARGET = 15.0;
				LD_RUNPATH_SEARCH_PATHS = (
					"$(inherited)",
					"@executable_path/Frameworks",
				);
				PRODUCT_BUNDLE_IDENTIFIER = cs324;
				PRODUCT_NAME = "$(TARGET_NAME)";
				SWIFT_VERSION = 5.0;
				TARGETED_DEVICE_FAMILY = 1;
			};
			name = Debug;
		};
		8EF8F76425965AD4000850BF /* Release */ = {
			isa = XCBuildConfiguration;
			buildSettings = {
				ASSETCATALOG_COMPILER_APPICON_NAME = AppIcon;
				ASSETCATALOG_COMPILER_GLOBAL_ACCENT_COLOR_NAME = AccentColor;
				CODE_SIGN_STYLE = Automatic;
				DEVELOPMENT_ASSET_PATHS = "";
				DEVELOPMENT_TEAM = NS5248TK92;
				ENABLE_PREVIEWS = YES;
				INFOPLIST_FILE = "Assignment One/Info.plist";
				IPHONEOS_DEPLOYMENT_TARGET = 15.0;
				LD_RUNPATH_SEARCH_PATHS = (
					"$(inherited)",
					"@executable_path/Frameworks",
				);
				PRODUCT_BUNDLE_IDENTIFIER = cs324;
				PRODUCT_NAME = "$(TARGET_NAME)";
				SWIFT_VERSION = 5.0;
				TARGETED_DEVICE_FAMILY = 1;
			};
			name = Release;
		};
		8EF8F76625965AD4000850BF /* Debug */ = {
			isa = XCBuildConfiguration;
			buildSettings = {
				ALWAYS_EMBED_SWIFT_STANDARD_LIBRARIES = YES;
				BUNDLE_LOADER = "$(TEST_HOST)";
				CODE_SIGN_STYLE = Automatic;
				DEVELOPMENT_TEAM = 9J8J9PDSXS;
				INFOPLIST_FILE = "Assignment OneTests/Info.plist";
				IPHONEOS_DEPLOYMENT_TARGET = 14.0;
				LD_RUNPATH_SEARCH_PATHS = (
					"$(inherited)",
					"@executable_path/Frameworks",
					"@loader_path/Frameworks",
				);
				PRODUCT_BUNDLE_IDENTIFIER = "edu.stanford.cs342.Assignment-OneTests";
				PRODUCT_NAME = "$(TARGET_NAME)";
				SWIFT_VERSION = 5.0;
				TARGETED_DEVICE_FAMILY = "1,2";
				TEST_HOST = "$(BUILT_PRODUCTS_DIR)/Assignment One.app/Assignment One";
			};
			name = Debug;
		};
		8EF8F76725965AD4000850BF /* Release */ = {
			isa = XCBuildConfiguration;
			buildSettings = {
				ALWAYS_EMBED_SWIFT_STANDARD_LIBRARIES = YES;
				BUNDLE_LOADER = "$(TEST_HOST)";
				CODE_SIGN_STYLE = Automatic;
				DEVELOPMENT_TEAM = 9J8J9PDSXS;
				INFOPLIST_FILE = "Assignment OneTests/Info.plist";
				IPHONEOS_DEPLOYMENT_TARGET = 14.0;
				LD_RUNPATH_SEARCH_PATHS = (
					"$(inherited)",
					"@executable_path/Frameworks",
					"@loader_path/Frameworks",
				);
				PRODUCT_BUNDLE_IDENTIFIER = "edu.stanford.cs342.Assignment-OneTests";
				PRODUCT_NAME = "$(TARGET_NAME)";
				SWIFT_VERSION = 5.0;
				TARGETED_DEVICE_FAMILY = "1,2";
				TEST_HOST = "$(BUILT_PRODUCTS_DIR)/Assignment One.app/Assignment One";
			};
			name = Release;
		};
		8EF8F76925965AD4000850BF /* Debug */ = {
			isa = XCBuildConfiguration;
			buildSettings = {
				ALWAYS_EMBED_SWIFT_STANDARD_LIBRARIES = YES;
				CODE_SIGN_STYLE = Automatic;
				DEVELOPMENT_TEAM = 9J8J9PDSXS;
				INFOPLIST_FILE = "Assignment OneUITests/Info.plist";
				LD_RUNPATH_SEARCH_PATHS = (
					"$(inherited)",
					"@executable_path/Frameworks",
					"@loader_path/Frameworks",
				);
				PRODUCT_BUNDLE_IDENTIFIER = "edu.stanford.cs342.Assignment-OneUITests";
				PRODUCT_NAME = "$(TARGET_NAME)";
				SWIFT_VERSION = 5.0;
				TARGETED_DEVICE_FAMILY = "1,2";
				TEST_TARGET_NAME = "Assignment One";
			};
			name = Debug;
		};
		8EF8F76A25965AD4000850BF /* Release */ = {
			isa = XCBuildConfiguration;
			buildSettings = {
				ALWAYS_EMBED_SWIFT_STANDARD_LIBRARIES = YES;
				CODE_SIGN_STYLE = Automatic;
				DEVELOPMENT_TEAM = 9J8J9PDSXS;
				INFOPLIST_FILE = "Assignment OneUITests/Info.plist";
				LD_RUNPATH_SEARCH_PATHS = (
					"$(inherited)",
					"@executable_path/Frameworks",
					"@loader_path/Frameworks",
				);
				PRODUCT_BUNDLE_IDENTIFIER = "edu.stanford.cs342.Assignment-OneUITests";
				PRODUCT_NAME = "$(TARGET_NAME)";
				SWIFT_VERSION = 5.0;
				TARGETED_DEVICE_FAMILY = "1,2";
				TEST_TARGET_NAME = "Assignment One";
			};
			name = Release;
		};
/* End XCBuildConfiguration section */

/* Begin XCConfigurationList section */
		8EF8F73825965AD1000850BF /* Build configuration list for PBXProject "Assignment One" */ = {
			isa = XCConfigurationList;
			buildConfigurations = (
				8EF8F76025965AD4000850BF /* Debug */,
				8EF8F76125965AD4000850BF /* Release */,
			);
			defaultConfigurationIsVisible = 0;
			defaultConfigurationName = Release;
		};
		8EF8F76225965AD4000850BF /* Build configuration list for PBXNativeTarget "Assignment One" */ = {
			isa = XCConfigurationList;
			buildConfigurations = (
				8EF8F76325965AD4000850BF /* Debug */,
				8EF8F76425965AD4000850BF /* Release */,
			);
			defaultConfigurationIsVisible = 0;
			defaultConfigurationName = Release;
		};
		8EF8F76525965AD4000850BF /* Build configuration list for PBXNativeTarget "Assignment OneTests" */ = {
			isa = XCConfigurationList;
			buildConfigurations = (
				8EF8F76625965AD4000850BF /* Debug */,
				8EF8F76725965AD4000850BF /* Release */,
			);
			defaultConfigurationIsVisible = 0;
			defaultConfigurationName = Release;
		};
		8EF8F76825965AD4000850BF /* Build configuration list for PBXNativeTarget "Assignment OneUITests" */ = {
			isa = XCConfigurationList;
			buildConfigurations = (
				8EF8F76925965AD4000850BF /* Debug */,
				8EF8F76A25965AD4000850BF /* Release */,
			);
			defaultConfigurationIsVisible = 0;
			defaultConfigurationName = Release;
		};
/* End XCConfigurationList section */
	};
	rootObject = 8EF8F73525965AD1000850BF /* Project object */;
}
